{
  "name": "chartbrain-highcharts-demo",
  "version": "0.1.0",
  "lockfileVersion": 3,
  "requires": true,
  "packages": {
    "": {
      "name": "chartbrain-highcharts-demo",
      "version": "0.1.0",
      "dependencies": {
        "highcharts": "^12.6.0"
      }
    },
    "node_modules/highcharts": {
      "version": "12.6.0",
      "resolved": "https://registry.npmjs.org/highcharts/-/highcharts-12.6.0.tgz",
      "integrity": "sha512-zWwoXECOakJT2huBMqIZOjDNLLgyZFCcfZqTj2g6cvYOGxjF3nvooC+rIaF5aKiharluyGKNflfRNrzOAIjdRg==",
      "peerDependencies": {
        "jspdf": "^4.1.0",
        "svg2pdf.js": "^2.7.0"
      },
      "peerDependenciesMeta": {
        "jspdf": {
          "optional": true
        },
        "svg2pdf.js": {
          "optional": true
        }
      }
    }
  }
}
