{
  "name": "chartbrain-dual-demo",
  "version": "0.1.0",
  "lockfileVersion": 3,
  "requires": true,
  "packages": {
    "": {
      "name": "chartbrain-dual-demo",
      "version": "0.1.0",
      "dependencies": {
        "echarts": "^5.5.0",
        "highcharts": "^12.0.0"
      }
    },
    "node_modules/echarts": {
      "version": "5.6.0",
      "resolved": "https://registry.npmjs.org/echarts/-/echarts-5.6.0.tgz",
      "integrity": "sha512-oTbVTsXfKuEhxftHqL5xprgLoc0k7uScAwtryCgWF6hPYFLRwOUHiFmHGCBKP5NPFNkDVopOieyUqYGH8Fa3kA==",
      "dependencies": {
        "tslib": "2.3.0",
        "zrender": "5.6.1"
      }
    },
    "node_modules/highcharts": {
      "version": "12.6.0",
      "resolved": "https://registry.npmjs.org/highcharts/-/highcharts-12.6.0.tgz",
      "integrity": "sha512-zWwoXECOakJT2huBMqIZOjDNLLgyZFCcfZqTj2g6cvYOGxjF3nvooC+rIaF5aKiharluyGKNflfRNrzOAIjdRg==",
      "peerDependencies": {
        "jspdf": "^4.1.0",
        "svg2pdf.js": "^2.7.0"
      },
      "peerDependenciesMeta": {
        "jspdf": {
          "optional": true
        },
        "svg2pdf.js": {
          "optional": true
        }
      }
    },
    "node_modules/tslib": {
      "version": "2.3.0",
      "resolved": "https://registry.npmjs.org/tslib/-/tslib-2.3.0.tgz",
      "integrity": "sha512-N82ooyxVNm6h1riLCoyS9e3fuJ3AMG2zIZs2Gd1ATcSFjSA23Q0fzjjZeh0jbJvWVDZ0cJT8yaNNaaXHzueNjg=="
    },
    "node_modules/zrender": {
      "version": "5.6.1",
      "resolved": "https://registry.npmjs.org/zrender/-/zrender-5.6.1.tgz",
      "integrity": "sha512-OFXkDJKcrlx5su2XbzJvj/34Q3m6PvyCZkVPHGYpcCJ52ek4U/ymZyfuV1nKE23AyBJ51E/6Yr0mhZ7xGTO4ag==",
      "dependencies": {
        "tslib": "2.3.0"
      }
    }
  }
}
